<?xml version="1.0" encoding="utf-8"?>
<Project ToolsVersion="4.0" xmlns="http://schemas.microsoft.com/developer/msbuild/2003">
  <ItemGroup>
    <Filter Include="Core">
      <UniqueIdentifier>{11111111-0000-0000-0000-000000000001}</UniqueIdentifier>
    </Filter>
    <Filter Include="Core\Dxerr">
      <UniqueIdentifier>{11111111-0000-0000-0000-000000000002}</UniqueIdentifier>
    </Filter>
    <Filter Include="Engine">
      <UniqueIdentifier>{22222222-0000-0000-0000-000000000000}</UniqueIdentifier>
    </Filter>
    <Filter Include="Engine\Animation">
      <UniqueIdentifier>{22222222-0000-0000-0000-000000000001}</UniqueIdentifier>
    </Filter>
    <Filter Include="Engine\Audio">
      <UniqueIdentifier>{22222222-0000-0000-0000-000000000002}</UniqueIdentifier>
    </Filter>
    <Filter Include="Engine\Camera">
      <UniqueIdentifier>{22222222-0000-0000-0000-000000000003}</UniqueIdentifier>
    </Filter>
    <Filter Include="Engine\Events">
      <UniqueIdentifier>{22222222-0000-0000-0000-000000000004}</UniqueIdentifier>
    </Filter>
    <Filter Include="Engine\Physics">
      <UniqueIdentifier>{22222222-0000-0000-0000-000000000005}</UniqueIdentifier>
    </Filter>
    <Filter Include="Engine\Render">
      <UniqueIdentifier>{22222222-0000-0000-0000-000000000006}</UniqueIdentifier>
    </Filter>
    <Filter Include="Engine\Scene">
      <UniqueIdentifier>{22222222-0000-0000-0000-000000000007}</UniqueIdentifier>
    </Filter>
    <Filter Include="Engine\UI">
      <UniqueIdentifier>{22222222-0000-0000-0000-000000000008}</UniqueIdentifier>
    </Filter>
  </ItemGroup>
  <ItemGroup>
    <ClCompile Include="Core\AppBase.cpp"><Filter>Core</Filter></ClCompile>
    <ClCompile Include="Core\BFException.cpp"><Filter>Core</Filter></ClCompile>
    <ClCompile Include="Core\BFTimer.cpp"><Filter>Core</Filter></ClCompile>
    <ClCompile Include="Core\Dxerr\dxerr.cpp"><Filter>Core\Dxerr</Filter></ClCompile>
    <ClCompile Include="Core\Graphics.cpp"><Filter>Core</Filter></ClCompile>
    <ClCompile Include="Core\Keyboard.cpp"><Filter>Core</Filter></ClCompile>
    <ClCompile Include="Core\Mouse.cpp"><Filter>Core</Filter></ClCompile>
    <ClCompile Include="Core\Renderer.cpp"><Filter>Core</Filter></ClCompile>
    <ClCompile Include="Core\Window.cpp"><Filter>Core</Filter></ClCompile>
    <ClCompile Include="Engine\Audio\AudioEngine.cpp"><Filter>Engine\Audio</Filter></ClCompile>
    <ClCompile Include="Engine\Camera\TopDownCamera.cpp"><Filter>Engine\Camera</Filter></ClCompile>
    <ClCompile Include="Engine\Events\EventBus.cpp"><Filter>Engine\Events</Filter></ClCompile>
    <ClCompile Include="Engine\Physics\CollisionSystem.cpp"><Filter>Engine\Physics</Filter></ClCompile>
    <ClCompile Include="Engine\Render\cgltf_impl.cpp"><Filter>Engine\Render</Filter></ClCompile>
    <ClCompile Include="Engine\Render\DebugRenderer.cpp"><Filter>Engine\Render</Filter></ClCompile>
    <ClCompile Include="Engine\Render\ImageLoader.cpp"><Filter>Engine\Render</Filter></ClCompile>
    <ClCompile Include="Engine\Render\IndexBuffer.cpp"><Filter>Engine\Render</Filter></ClCompile>
    <ClCompile Include="Engine\Render\InputLayout.cpp"><Filter>Engine\Render</Filter></ClCompile>
    <ClCompile Include="Engine\Render\MeshImporter.cpp"><Filter>Engine\Render</Filter></ClCompile>
    <ClCompile Include="Engine\Render\ParticleRenderer.cpp"><Filter>Engine\Render</Filter></ClCompile>
    <ClCompile Include="Engine\Render\ParticleSystem.cpp"><Filter>Engine\Render</Filter></ClCompile>
    <ClCompile Include="Engine\Render\PixelShader.cpp"><Filter>Engine\Render</Filter></ClCompile>
    <ClCompile Include="Engine\Render\ShadowRenderer.cpp"><Filter>Engine\Render</Filter></ClCompile>
    <ClCompile Include="Engine\Render\Topology.cpp"><Filter>Engine\Render</Filter></ClCompile>
    <ClCompile Include="Engine\Render\VertexBuffer.cpp"><Filter>Engine\Render</Filter></ClCompile>
    <ClCompile Include="Engine\Render\VertexShader.cpp"><Filter>Engine\Render</Filter></ClCompile>
    <ClCompile Include="Engine\Render\WorldGridRenderer.cpp"><Filter>Engine\Render</Filter></ClCompile>
    <ClCompile Include="Engine\Scene\PrefabLoader.cpp"><Filter>Engine\Scene</Filter></ClCompile>
    <ClCompile Include="Engine\Scene\Scene.cpp"><Filter>Engine\Scene</Filter></ClCompile>
    <ClCompile Include="Engine\Scene\SceneLoader.cpp"><Filter>Engine\Scene</Filter></ClCompile>
    <ClCompile Include="Engine\Scene\SceneSerializer.cpp"><Filter>Engine\Scene</Filter></ClCompile>
    <ClCompile Include="Engine\UI\TextRenderer.cpp"><Filter>Engine\UI</Filter></ClCompile>
    <ClCompile Include="Engine\UI\UIRenderer.cpp"><Filter>Engine\UI</Filter></ClCompile>
  </ItemGroup>
  <ItemGroup>
    <ClInclude Include="Core\AppBase.h"><Filter>Core</Filter></ClInclude>
    <ClInclude Include="Core\BFException.h"><Filter>Core</Filter></ClInclude>
    <ClInclude Include="Core\BFTimer.h"><Filter>Core</Filter></ClInclude>
    <ClInclude Include="Core\BFWin.h"><Filter>Core</Filter></ClInclude>
    <ClInclude Include="Core\Dxerr\dxerr.h"><Filter>Core\Dxerr</Filter></ClInclude>
    <ClInclude Include="Core\Graphics.h"><Filter>Core</Filter></ClInclude>
    <ClInclude Include="Core\Keyboard.h"><Filter>Core</Filter></ClInclude>
    <ClInclude Include="Core\Mouse.h"><Filter>Core</Filter></ClInclude>
    <ClInclude Include="Core\Renderer.h"><Filter>Core</Filter></ClInclude>
    <ClInclude Include="Core\Window.h"><Filter>Core</Filter></ClInclude>
    <ClInclude Include="Engine\Animation\AnimationSystem.h"><Filter>Engine\Animation</Filter></ClInclude>
    <ClInclude Include="Engine\Audio\AudioEngine.h"><Filter>Engine\Audio</Filter></ClInclude>
    <ClInclude Include="Engine\Camera\TopDownCamera.h"><Filter>Engine\Camera</Filter></ClInclude>
    <ClInclude Include="Engine\Events\EventBus.h"><Filter>Engine\Events</Filter></ClInclude>
    <ClInclude Include="Engine\Events\GameEvent.h"><Filter>Engine\Events</Filter></ClInclude>
    <ClInclude Include="Engine\Physics\AABB.h"><Filter>Engine\Physics</Filter></ClInclude>
    <ClInclude Include="Engine\Physics\CollisionSystem.h"><Filter>Engine\Physics</Filter></ClInclude>
    <ClInclude Include="Engine\Render\ConstantBuffer.h"><Filter>Engine\Render</Filter></ClInclude>
    <ClInclude Include="Engine\Render\DebugPipeline.h"><Filter>Engine\Render</Filter></ClInclude>
    <ClInclude Include="Engine\Render\DebugRenderer.h"><Filter>Engine\Render</Filter></ClInclude>
    <ClInclude Include="Engine\Render\ImageLoader.h"><Filter>Engine\Render</Filter></ClInclude>
    <ClInclude Include="Engine\Render\IndexBuffer.h"><Filter>Engine\Render</Filter></ClInclude>
    <ClInclude Include="Engine\Render\InputLayout.h"><Filter>Engine\Render</Filter></ClInclude>
    <ClInclude Include="Engine\Render\LitPipeline.h"><Filter>Engine\Render</Filter></ClInclude>
    <ClInclude Include="Engine\Render\MeshImporter.h"><Filter>Engine\Render</Filter></ClInclude>
    <ClInclude Include="Engine\Render\PixelShader.h"><Filter>Engine\Render</Filter></ClInclude>
    <ClInclude Include="Engine\Render\ParticlePipeline.h"><Filter>Engine\Render</Filter></ClInclude>
    <ClInclude Include="Engine\Render\ParticleRenderer.h"><Filter>Engine\Render</Filter></ClInclude>
    <ClInclude Include="Engine\Render\ParticleSystem.h"><Filter>Engine\Render</Filter></ClInclude>
    <ClInclude Include="Engine\Render\Sampler.h"><Filter>Engine\Render</Filter></ClInclude>
    <ClInclude Include="Engine\Render\ShadowPipeline.h"><Filter>Engine\Render</Filter></ClInclude>
    <ClInclude Include="Engine\Render\ShadowRenderer.h"><Filter>Engine\Render</Filter></ClInclude>
    <ClInclude Include="Engine\Render\SkinnedPipeline.h"><Filter>Engine\Render</Filter></ClInclude>
    <ClInclude Include="Engine\Render\Surface.h"><Filter>Engine\Render</Filter></ClInclude>
    <ClInclude Include="Engine\Render\Texture2D.h"><Filter>Engine\Render</Filter></ClInclude>
    <ClInclude Include="Engine\Render\Topology.h"><Filter>Engine\Render</Filter></ClInclude>
    <ClInclude Include="Engine\Render\VertexBuffer.h"><Filter>Engine\Render</Filter></ClInclude>
    <ClInclude Include="Engine\Render\VertexShader.h"><Filter>Engine\Render</Filter></ClInclude>
    <ClInclude Include="Engine\Render\WorldGridRenderer.h"><Filter>Engine\Render</Filter></ClInclude>
    <ClInclude Include="Engine\Scene\AnimationStateComponent.h"><Filter>Engine\Scene</Filter></ClInclude>
    <ClInclude Include="Engine\Scene\CollisionComponent.h"><Filter>Engine\Scene</Filter></ClInclude>
    <ClInclude Include="Engine\Scene\CombatComponent.h"><Filter>Engine\Scene</Filter></ClInclude>
    <ClInclude Include="Engine\Scene\EnemyBehaviorComponent.h"><Filter>Engine\Scene</Filter></ClInclude>
    <ClInclude Include="Engine\Scene\Material.h"><Filter>Engine\Scene</Filter></ClInclude>
    <ClInclude Include="Engine\Scene\NpcComponent.h"><Filter>Engine\Scene</Filter></ClInclude>
    <ClInclude Include="Engine\Scene\PrefabLoader.h"><Filter>Engine\Scene</Filter></ClInclude>
    <ClInclude Include="Engine\Scene\RenderComponent.h"><Filter>Engine\Scene</Filter></ClInclude>
    <ClInclude Include="Engine\Scene\Scene.h"><Filter>Engine\Scene</Filter></ClInclude>
    <ClInclude Include="Engine\Scene\SceneLoader.h"><Filter>Engine\Scene</Filter></ClInclude>
    <ClInclude Include="Engine\Scene\SceneObject.h"><Filter>Engine\Scene</Filter></ClInclude>
    <ClInclude Include="Engine\Scene\SceneSerializer.h"><Filter>Engine\Scene</Filter></ClInclude>
    <ClInclude Include="Engine\Scene\Transform.h"><Filter>Engine\Scene</Filter></ClInclude>
    <ClInclude Include="Engine\Scene\TriggerComponent.h"><Filter>Engine\Scene</Filter></ClInclude>
    <ClInclude Include="Engine\UI\DamagePopup.h"><Filter>Engine\UI</Filter></ClInclude>
    <ClInclude Include="Engine\UI\HealthBar.h"><Filter>Engine\UI</Filter></ClInclude>
    <ClInclude Include="Engine\UI\HudState.h"><Filter>Engine\UI</Filter></ClInclude>
    <ClInclude Include="Engine\UI\InspectorFields.h"><Filter>Engine\UI</Filter></ClInclude>
    <ClInclude Include="Engine\UI\TextLayout.h"><Filter>Engine\UI</Filter></ClInclude>
    <ClInclude Include="Engine\UI\TextRenderer.h"><Filter>Engine\UI</Filter></ClInclude>
    <ClInclude Include="Engine\UI\UILayout.h"><Filter>Engine\UI</Filter></ClInclude>
    <ClInclude Include="Engine\UI\UIRenderer.h"><Filter>Engine\UI</Filter></ClInclude>
  </ItemGroup>
</Project>
