<?xml version="1.0" encoding="utf-8"?>
<Project ToolsVersion="4.0" xmlns="http://schemas.microsoft.com/developer/msbuild/2003">
  <ItemGroup>
    <Filter Include="소스 파일">
      <UniqueIdentifier>{4FC737F1-C7A5-4376-A066-2A32D752A2FF}</UniqueIdentifier>
      <Extensions>cpp;c;cc;cxx;def;odl;idl;hpj;bat;asm;asmx</Extensions>
    </Filter>
    <Filter Include="헤더 파일">
      <UniqueIdentifier>{93995380-89BD-4b04-88EB-625FBE52EBFB}</UniqueIdentifier>
      <Extensions>h;hh;hpp;hxx;hm;inl;inc;ipp;xsd</Extensions>
    </Filter>
    <Filter Include="리소스 파일">
      <UniqueIdentifier>{67DA6AB6-F800-4c08-8B7A-83BB121AAD01}</UniqueIdentifier>
      <Extensions>rc;ico;cur;bmp;dlg;rc2;rct;bin;rgs;gif;jpg;jpeg;jpe;resx;tiff;tif;png;wav;mfcribbon-ms</Extensions>
    </Filter>
    <Filter Include="Dxerr">
      <UniqueIdentifier>{2c397739-383d-451f-bef9-a9bc4a0d96e3}</UniqueIdentifier>
    </Filter>
    <Filter Include="Engine\\Camera">
      <UniqueIdentifier>{ac4fd59a-4b34-4371-b5ee-ad0db7e0e377}</UniqueIdentifier>
    </Filter>
    <Filter Include="Engine\\Render">
      <UniqueIdentifier>{3f97eb4f-27a7-4bf8-ba4a-6fece42170be}</UniqueIdentifier>
    </Filter>
    <Filter Include="Game\\Player">
      <UniqueIdentifier>{f80a459b-60dd-4c68-acce-c31394cb99ad}</UniqueIdentifier>
    </Filter>
    <Filter Include="Engine\\Scene">
      <UniqueIdentifier>{bdc6cc0f-7fe1-46d2-bca0-66cd62195b4d}</UniqueIdentifier>
    </Filter>
    <Filter Include="Engine\\Physics">
      <UniqueIdentifier>{ad004dab-b188-43d7-9d56-5cc5c183e4ba}</UniqueIdentifier>
    </Filter>
    <Filter Include="Game\\Combat">
      <UniqueIdentifier>{ef0e48f8-fc12-43d6-a8d6-828844a0252d}</UniqueIdentifier>
    </Filter>
    <Filter Include="Game\\NPC">
      <UniqueIdentifier>{5f95d8d4-5349-42b3-8cab-dd9dcaf8f1dc}</UniqueIdentifier>
    </Filter>
    <Filter Include="Engine\\UI">
      <UniqueIdentifier>{0bc68d11-1bba-4b43-81d1-b64272f4626a}</UniqueIdentifier>
    </Filter>
    <Filter Include="Game\\Hud">
      <UniqueIdentifier>{a3d8c1eb-c298-4e30-8d4c-5ffbd88d4b2f}</UniqueIdentifier>
    </Filter>
    <Filter Include="Game\\Simulation">
      <UniqueIdentifier>{48326dfb-1132-48a7-902e-12d93f9cac9b}</UniqueIdentifier>
    </Filter>
  </ItemGroup>
  <ItemGroup>
    <ClCompile Include="Core\WinMain.cpp">
      <Filter>소스 파일</Filter>
    </ClCompile>
    <ClCompile Include="Core\Window.cpp">
      <Filter>소스 파일</Filter>
    </ClCompile>
    <ClCompile Include="Core\Keyboard.cpp">
      <Filter>소스 파일</Filter>
    </ClCompile>
    <ClCompile Include="Core\Mouse.cpp">
      <Filter>소스 파일</Filter>
    </ClCompile>
    <ClCompile Include="Core\Renderer.cpp">
      <Filter>소스 파일</Filter>
    </ClCompile>
    <ClCompile Include="Core\App.cpp">
      <Filter>소스 파일</Filter>
    </ClCompile>
    <ClCompile Include="Core\BFTimer.cpp">
      <Filter>소스 파일</Filter>
    </ClCompile>
    <ClCompile Include="Core\Graphics.cpp">
      <Filter>소스 파일</Filter>
    </ClCompile>
    <ClCompile Include="Core\BFException.cpp">
      <Filter>소스 파일</Filter>
    </ClCompile>
    <ClCompile Include="Core\Dxerr\dxerr.cpp">
      <Filter>Dxerr</Filter>
    </ClCompile>
    <ClCompile Include="Engine\Render\IndexBuffer.cpp">
      <Filter>Engine\Render</Filter>
    </ClCompile>
    <ClCompile Include="Engine\Render\InputLayout.cpp">
      <Filter>Engine\Render</Filter>
    </ClCompile>
    <ClCompile Include="Engine\Render\PixelShader.cpp">
      <Filter>Engine\Render</Filter>
    </ClCompile>
    <ClCompile Include="Engine\Render\Topology.cpp">
      <Filter>Engine\Render</Filter>
    </ClCompile>
    <ClCompile Include="Engine\Render\VertexBuffer.cpp">
      <Filter>Engine\Render</Filter>
    </ClCompile>
    <ClCompile Include="Engine\Render\VertexShader.cpp">
      <Filter>Engine\Render</Filter>
    </ClCompile>
    <ClCompile Include="Engine\Camera\TopDownCamera.cpp">
      <Filter>Engine\Camera</Filter>
    </ClCompile>
    <ClCompile Include="Engine\Physics\CollisionSystem.cpp">
      <Filter>Engine\Physics</Filter>
    </ClCompile>
    <ClCompile Include="Engine\UI\UIRenderer.cpp">
      <Filter>Engine\UI</Filter>
    </ClCompile>
    <ClCompile Include="Game\Combat\CombatSystem.cpp">
      <Filter>Game\Combat</Filter>
    </ClCompile>
    <ClCompile Include="Game\NPC\SimpleEnemyController.cpp">
      <Filter>Game\NPC</Filter>
    </ClCompile>
    <ClCompile Include="Game\Player\PlayerController.cpp">
      <Filter>Game\Player</Filter>
    </ClCompile>
    <ClCompile Include="Game\Simulation\GameplaySimulation.cpp">
      <Filter>Game\Simulation</Filter>
    </ClCompile>
    <ClCompile Include="Engine\Scene\Scene.cpp">
      <Filter>Engine\Scene</Filter>
    </ClCompile>
  </ItemGroup>
  <ItemGroup>
    <ClInclude Include="Core\BFWin.h">
      <Filter>헤더 파일</Filter>
    </ClInclude>
    <ClInclude Include="Core\Window.h">
      <Filter>헤더 파일</Filter>
    </ClInclude>
    <ClInclude Include="Core\Keyboard.h">
      <Filter>헤더 파일</Filter>
    </ClInclude>
    <ClInclude Include="Core\Mouse.h">
      <Filter>헤더 파일</Filter>
    </ClInclude>
    <ClInclude Include="Core\Renderer.h">
      <Filter>헤더 파일</Filter>
    </ClInclude>
    <ClInclude Include="Core\App.h">
      <Filter>헤더 파일</Filter>
    </ClInclude>
    <ClInclude Include="Core\BFTimer.h">
      <Filter>헤더 파일</Filter>
    </ClInclude>
    <ClInclude Include="Core\Graphics.h">
      <Filter>헤더 파일</Filter>
    </ClInclude>
    <ClInclude Include="Core\BFException.h">
      <Filter>헤더 파일</Filter>
    </ClInclude>
    <ClInclude Include="Core\Dxerr\dxerr.h">
      <Filter>Dxerr</Filter>
    </ClInclude>
    <ClInclude Include="Engine\Render\ConstantBuffer.h">
      <Filter>Engine\Render</Filter>
    </ClInclude>
    <ClInclude Include="Engine\Render\FlatColorPipeline.h">
      <Filter>Engine\Render</Filter>
    </ClInclude>
    <ClInclude Include="Engine\Render\IndexBuffer.h">
      <Filter>Engine\Render</Filter>
    </ClInclude>
    <ClInclude Include="Engine\Render\InputLayout.h">
      <Filter>Engine\Render</Filter>
    </ClInclude>
    <ClInclude Include="Engine\Render\PixelShader.h">
      <Filter>Engine\Render</Filter>
    </ClInclude>
    <ClInclude Include="Engine\Render\Topology.h">
      <Filter>Engine\Render</Filter>
    </ClInclude>
    <ClInclude Include="Engine\Render\VertexBuffer.h">
      <Filter>Engine\Render</Filter>
    </ClInclude>
    <ClInclude Include="Engine\Render\VertexShader.h">
      <Filter>Engine\Render</Filter>
    </ClInclude>
    <ClInclude Include="Engine\Camera\TopDownCamera.h">
      <Filter>Engine\Camera</Filter>
    </ClInclude>
    <ClInclude Include="Engine\Physics\AABB.h">
      <Filter>Engine\Physics</Filter>
    </ClInclude>
    <ClInclude Include="Engine\Physics\CollisionSystem.h">
      <Filter>Engine\Physics</Filter>
    </ClInclude>
    <ClInclude Include="Engine\Scene\CollisionComponent.h">
      <Filter>Engine\Scene</Filter>
    </ClInclude>
    <ClInclude Include="Engine\Scene\CombatComponent.h">
      <Filter>Engine\Scene</Filter>
    </ClInclude>
    <ClInclude Include="Engine\UI\HealthBar.h">
      <Filter>Engine\UI</Filter>
    </ClInclude>
    <ClInclude Include="Game\Combat\CombatSystem.h">
      <Filter>Game\Combat</Filter>
    </ClInclude>
    <ClInclude Include="Game\Hud\HudPresenter.h">
      <Filter>Game\Hud</Filter>
    </ClInclude>
    <ClInclude Include="Game\NPC\SimpleEnemyController.h">
      <Filter>Game\NPC</Filter>
    </ClInclude>
    <ClInclude Include="Game\NPC\EnemyScoutBehavior.h">
      <Filter>Game\NPC</Filter>
    </ClInclude>
    <ClInclude Include="Game\Player\PlayerController.h">
      <Filter>Game\Player</Filter>
    </ClInclude>
    <ClInclude Include="Game\Player\PlayerAimSystem.h">
      <Filter>Game\Player</Filter>
    </ClInclude>
    <ClInclude Include="Game\Player\PlayerMovementSystem.h">
      <Filter>Game\Player</Filter>
    </ClInclude>
    <ClInclude Include="Game\Simulation\EnemyGameplaySystem.h">
      <Filter>Game\Simulation</Filter>
    </ClInclude>
    <ClInclude Include="Game\Simulation\GameplayArenaBuilder.h">
      <Filter>Game\Simulation</Filter>
    </ClInclude>
    <ClInclude Include="Game\Simulation\GameplayCameraSystem.h">
      <Filter>Game\Simulation</Filter>
    </ClInclude>
    <ClInclude Include="Game\Simulation\GameplayInput.h">
      <Filter>Game\Simulation</Filter>
    </ClInclude>
    <ClInclude Include="Game\Simulation\GameplaySceneIds.h">
      <Filter>Game\Simulation</Filter>
    </ClInclude>
    <ClInclude Include="Game\Simulation\GameplaySimulation.h">
      <Filter>Game\Simulation</Filter>
    </ClInclude>
    <ClInclude Include="Game\Simulation\PlayerGameplaySystem.h">
      <Filter>Game\Simulation</Filter>
    </ClInclude>
    <ClInclude Include="Engine\Scene\Transform.h">
      <Filter>Engine\Scene</Filter>
    </ClInclude>
    <ClInclude Include="Engine\Scene\RenderComponent.h">
      <Filter>Engine\Scene</Filter>
    </ClInclude>
    <ClInclude Include="Engine\Scene\Scene.h">
      <Filter>Engine\Scene</Filter>
    </ClInclude>
    <ClInclude Include="Engine\Scene\SceneObject.h">
      <Filter>Engine\Scene</Filter>
    </ClInclude>
    <ClInclude Include="Engine\UI\HudState.h">
      <Filter>Engine\UI</Filter>
    </ClInclude>
    <ClInclude Include="Engine\UI\UILayout.h">
      <Filter>Engine\UI</Filter>
    </ClInclude>
    <ClInclude Include="Engine\UI\UIRenderer.h">
      <Filter>Engine\UI</Filter>
    </ClInclude>
  </ItemGroup>
</Project>
